
Microsoft Visual Studio Solution File, Format Version 12.00
# Visual Studio Version 16
VisualStudioVersion = 16.0.31112.23
MinimumVisualStudioVersion = 10.0.40219.1
Project("{8BC9CEB8-8B4A-11D0-8D11-00A0C91BC942}") = "tugas 4", "tugas 4\tugas 4.vcxproj", "{E5144AD0-73F4-49C2-B7A5-7568136637CF}"
EndProject
Global
	GlobalSection(SolutionConfigurationPlatforms) = preSolution
		Debug|x64 = Debug|x64
		Debug|x86 = Debug|x86
		Release|x64 = Release|x64
		Release|x86 = Release|x86
	EndGlobalSection
	GlobalSection(ProjectConfigurationPlatforms) = postSolution
		{E5144AD0-73F4-49C2-B7A5-7568136637CF}.Debug|x64.ActiveCfg = Debug|x64
		{E5144AD0-73F4-49C2-B7A5-7568136637CF}.Debug|x64.Build.0 = Debug|x64
		{E5144AD0-73F4-49C2-B7A5-7568136637CF}.Debug|x86.ActiveCfg = Debug|Win32
		{E5144AD0-73F4-49C2-B7A5-7568136637CF}.Debug|x86.Build.0 = Debug|Win32
		{E5144AD0-73F4-49C2-B7A5-7568136637CF}.Release|x64.ActiveCfg = Release|x64
		{E5144AD0-73F4-49C2-B7A5-7568136637CF}.Release|x64.Build.0 = Release|x64
		{E5144AD0-73F4-49C2-B7A5-7568136637CF}.Release|x86.ActiveCfg = Release|Win32
		{E5144AD0-73F4-49C2-B7A5-7568136637CF}.Release|x86.Build.0 = Release|Win32
	EndGlobalSection
	GlobalSection(SolutionProperties) = preSolution
		HideSolutionNode = FALSE
	EndGlobalSection
	GlobalSection(ExtensibilityGlobals) = postSolution
		SolutionGuid = {B7977B07-46BB-4881-8A8D-97EEEC1DE723}
	EndGlobalSection
EndGlobal
